
Microsoft Visual Studio Solution File, Format Version 12.00
# Visual Studio 15
VisualStudioVersion = 15.0.28307.705
MinimumVisualStudioVersion = 10.0.40219.1
Project("{FAE04EC0-301F-11D3-BF4B-00C04F79EFBC}") = "WeatherAndroidApp.Android", "WeatherAndroidApp\WeatherAndroidApp.Android\WeatherAndroidApp.Android.csproj", "{9808672C-9E46-4827-B5F7-139770EFFD94}"
EndProject
Project("{FAE04EC0-301F-11D3-BF4B-00C04F79EFBC}") = "WeatherAndroidApp", "WeatherAndroidApp\WeatherAndroidApp\WeatherAndroidApp.csproj", "{0D9D3977-974D-4CF0-A817-0D7F61F824CB}"
EndProject
Global
	GlobalSection(SolutionConfigurationPlatforms) = preSolution
		Debug|Any CPU = Debug|Any CPU
		Release|Any CPU = Release|Any CPU
	EndGlobalSection
	GlobalSection(ProjectConfigurationPlatforms) = postSolution
		{9808672C-9E46-4827-B5F7-139770EFFD94}.Debug|Any CPU.ActiveCfg = Debug|Any CPU
		{9808672C-9E46-4827-B5F7-139770EFFD94}.Debug|Any CPU.Build.0 = Debug|Any CPU
		{9808672C-9E46-4827-B5F7-139770EFFD94}.Debug|Any CPU.Deploy.0 = Debug|Any CPU
		{9808672C-9E46-4827-B5F7-139770EFFD94}.Release|Any CPU.ActiveCfg = Release|Any CPU
		{9808672C-9E46-4827-B5F7-139770EFFD94}.Release|Any CPU.Build.0 = Release|Any CPU
		{9808672C-9E46-4827-B5F7-139770EFFD94}.Release|Any CPU.Deploy.0 = Release|Any CPU
		{0D9D3977-974D-4CF0-A817-0D7F61F824CB}.Debug|Any CPU.ActiveCfg = Debug|Any CPU
		{0D9D3977-974D-4CF0-A817-0D7F61F824CB}.Debug|Any CPU.Build.0 = Debug|Any CPU
		{0D9D3977-974D-4CF0-A817-0D7F61F824CB}.Release|Any CPU.ActiveCfg = Release|Any CPU
		{0D9D3977-974D-4CF0-A817-0D7F61F824CB}.Release|Any CPU.Build.0 = Release|Any CPU
	EndGlobalSection
	GlobalSection(SolutionProperties) = preSolution
		HideSolutionNode = FALSE
	EndGlobalSection
	GlobalSection(ExtensibilityGlobals) = postSolution
		SolutionGuid = {ED0E85B0-CE02-4199-8F94-FDA388F6CE6A}
	EndGlobalSection
EndGlobal
